
Microsoft Visual Studio Solution File, Format Version 12.00
# Visual Studio Version 16
VisualStudioVersion = 16.0.30611.23
MinimumVisualStudioVersion = 10.0.40219.1
Project("{FAE04EC0-301F-11D3-BF4B-00C04F79EFBC}") = "Silicon Inventory", "Silicon Inventory\Silicon Inventory.csproj", "{9E1B89D7-6638-4335-BE71-ACCEFA06D185}"
EndProject
Project("{FAE04EC0-301F-11D3-BF4B-00C04F79EFBC}") = "SiliconWebRealTimeApi", "SiliconWebRealTimeApi\SiliconWebRealTimeApi.csproj", "{14B5FD5C-152B-44E2-8E70-27AF0A5427B9}"
EndProject
Global
	GlobalSection(SolutionConfigurationPlatforms) = preSolution
		Debug|Any CPU = Debug|Any CPU
		Release|Any CPU = Release|Any CPU
	EndGlobalSection
	GlobalSection(ProjectConfigurationPlatforms) = postSolution
		{9E1B89D7-6638-4335-BE71-ACCEFA06D185}.Debug|Any CPU.ActiveCfg = Debug|Any CPU
		{9E1B89D7-6638-4335-BE71-ACCEFA06D185}.Debug|Any CPU.Build.0 = Debug|Any CPU
		{9E1B89D7-6638-4335-BE71-ACCEFA06D185}.Release|Any CPU.ActiveCfg = Release|Any CPU
		{9E1B89D7-6638-4335-BE71-ACCEFA06D185}.Release|Any CPU.Build.0 = Release|Any CPU
		{14B5FD5C-152B-44E2-8E70-27AF0A5427B9}.Debug|Any CPU.ActiveCfg = Debug|Any CPU
		{14B5FD5C-152B-44E2-8E70-27AF0A5427B9}.Debug|Any CPU.Build.0 = Debug|Any CPU
		{14B5FD5C-152B-44E2-8E70-27AF0A5427B9}.Release|Any CPU.ActiveCfg = Release|Any CPU
		{14B5FD5C-152B-44E2-8E70-27AF0A5427B9}.Release|Any CPU.Build.0 = Release|Any CPU
	EndGlobalSection
	GlobalSection(SolutionProperties) = preSolution
		HideSolutionNode = FALSE
	EndGlobalSection
	GlobalSection(ExtensibilityGlobals) = postSolution
		SolutionGuid = {B1D2CC52-59FF-4F64-BB85-70B806C967B3}
	EndGlobalSection
EndGlobal
